
Microsoft Visual Studio Solution File, Format Version 12.00
# Visual Studio Version 16
VisualStudioVersion = 16.0.32510.428
MinimumVisualStudioVersion = 10.0.40219.1
Project("{FAE04EC0-301F-11D3-BF4B-00C04F79EFBC}") = "Daykel_Marzo_FINALS_ProjectAssignment_Sports_League_Management", "Daykel_Marzo_FINALS_ProjectAssignment_Sports_League_Management.csproj", "{F1786E4D-2505-4120-A51C-03EDCAB1B276}"
EndProject
Global
	GlobalSection(SolutionConfigurationPlatforms) = preSolution
		Debug|Any CPU = Debug|Any CPU
		Release|Any CPU = Release|Any CPU
	EndGlobalSection
	GlobalSection(ProjectConfigurationPlatforms) = postSolution
		{F1786E4D-2505-4120-A51C-03EDCAB1B276}.Debug|Any CPU.ActiveCfg = Debug|Any CPU
		{F1786E4D-2505-4120-A51C-03EDCAB1B276}.Debug|Any CPU.Build.0 = Debug|Any CPU
		{F1786E4D-2505-4120-A51C-03EDCAB1B276}.Release|Any CPU.ActiveCfg = Release|Any CPU
		{F1786E4D-2505-4120-A51C-03EDCAB1B276}.Release|Any CPU.Build.0 = Release|Any CPU
	EndGlobalSection
	GlobalSection(SolutionProperties) = preSolution
		HideSolutionNode = FALSE
	EndGlobalSection
	GlobalSection(ExtensibilityGlobals) = postSolution
		SolutionGuid = {439913B5-2A8D-4890-9C6C-5CB24934C0DD}
	EndGlobalSection
EndGlobal
